
Microsoft Visual Studio Solution File, Format Version 12.00
# Visual Studio Version 16
Project("{8BC9CEB8-8B4A-11D0-8D11-00A0C91BC942}") = "ALL_BUILD", "ALL_BUILD.vcxproj", "{B8775111-0BFF-3D0F-8E78-E74D374645BF}"
	ProjectSection(ProjectDependencies) = postProject
		{29CDCD1A-0401-35AE-A08F-B55BDBFFC777} = {29CDCD1A-0401-35AE-A08F-B55BDBFFC777}
		{2DDE204B-9349-3D03-8535-A121672EF762} = {2DDE204B-9349-3D03-8535-A121672EF762}
	EndProjectSection
EndProject
Project("{8BC9CEB8-8B4A-11D0-8D11-00A0C91BC942}") = "ZERO_CHECK", "ZERO_CHECK.vcxproj", "{29CDCD1A-0401-35AE-A08F-B55BDBFFC777}"
	ProjectSection(ProjectDependencies) = postProject
	EndProjectSection
EndProject
Project("{8BC9CEB8-8B4A-11D0-8D11-00A0C91BC942}") = "ox3d", "ox3d.vcxproj", "{2DDE204B-9349-3D03-8535-A121672EF762}"
	ProjectSection(ProjectDependencies) = postProject
		{29CDCD1A-0401-35AE-A08F-B55BDBFFC777} = {29CDCD1A-0401-35AE-A08F-B55BDBFFC777}
	EndProjectSection
EndProject
Global
	GlobalSection(SolutionConfigurationPlatforms) = preSolution
		Debug|x64 = Debug|x64
		Release|x64 = Release|x64
		MinSizeRel|x64 = MinSizeRel|x64
		RelWithDebInfo|x64 = RelWithDebInfo|x64
	EndGlobalSection
	GlobalSection(ProjectConfigurationPlatforms) = postSolution
		{B8775111-0BFF-3D0F-8E78-E74D374645BF}.Debug|x64.ActiveCfg = Debug|x64
		{B8775111-0BFF-3D0F-8E78-E74D374645BF}.Release|x64.ActiveCfg = Release|x64
		{B8775111-0BFF-3D0F-8E78-E74D374645BF}.MinSizeRel|x64.ActiveCfg = MinSizeRel|x64
		{B8775111-0BFF-3D0F-8E78-E74D374645BF}.RelWithDebInfo|x64.ActiveCfg = RelWithDebInfo|x64
		{29CDCD1A-0401-35AE-A08F-B55BDBFFC777}.Debug|x64.ActiveCfg = Debug|x64
		{29CDCD1A-0401-35AE-A08F-B55BDBFFC777}.Debug|x64.Build.0 = Debug|x64
		{29CDCD1A-0401-35AE-A08F-B55BDBFFC777}.Release|x64.ActiveCfg = Release|x64
		{29CDCD1A-0401-35AE-A08F-B55BDBFFC777}.Release|x64.Build.0 = Release|x64
		{29CDCD1A-0401-35AE-A08F-B55BDBFFC777}.MinSizeRel|x64.ActiveCfg = MinSizeRel|x64
		{29CDCD1A-0401-35AE-A08F-B55BDBFFC777}.MinSizeRel|x64.Build.0 = MinSizeRel|x64
		{29CDCD1A-0401-35AE-A08F-B55BDBFFC777}.RelWithDebInfo|x64.ActiveCfg = RelWithDebInfo|x64
		{29CDCD1A-0401-35AE-A08F-B55BDBFFC777}.RelWithDebInfo|x64.Build.0 = RelWithDebInfo|x64
		{2DDE204B-9349-3D03-8535-A121672EF762}.Debug|x64.ActiveCfg = Debug|x64
		{2DDE204B-9349-3D03-8535-A121672EF762}.Debug|x64.Build.0 = Debug|x64
		{2DDE204B-9349-3D03-8535-A121672EF762}.Release|x64.ActiveCfg = Release|x64
		{2DDE204B-9349-3D03-8535-A121672EF762}.Release|x64.Build.0 = Release|x64
		{2DDE204B-9349-3D03-8535-A121672EF762}.MinSizeRel|x64.ActiveCfg = MinSizeRel|x64
		{2DDE204B-9349-3D03-8535-A121672EF762}.MinSizeRel|x64.Build.0 = MinSizeRel|x64
		{2DDE204B-9349-3D03-8535-A121672EF762}.RelWithDebInfo|x64.ActiveCfg = RelWithDebInfo|x64
		{2DDE204B-9349-3D03-8535-A121672EF762}.RelWithDebInfo|x64.Build.0 = RelWithDebInfo|x64
	EndGlobalSection
	GlobalSection(ExtensibilityGlobals) = postSolution
		SolutionGuid = {54C2A4F4-1B46-3661-A847-D80613DBCC70}
	EndGlobalSection
	GlobalSection(ExtensibilityAddIns) = postSolution
	EndGlobalSection
EndGlobal
