<?xml version="1.0" encoding="utf-8"?>
<Project ToolsVersion="16.0" xmlns="http://schemas.microsoft.com/developer/msbuild/2003">
  <ItemGroup>
    <CustomBuild Include="C:\Code\C++\ox3d\vsbuild\CMakeFiles\17ccf6a10d76c2cc3bc245f3d7e0b3fa\generate.stamp.rule">
      <Filter>CMake Rules</Filter>
    </CustomBuild>
  </ItemGroup>
  <ItemGroup>
    <Filter Include="CMake Rules">
      <UniqueIdentifier>{C7AF1A62-D1B2-3A1E-8061-11339304B121}</UniqueIdentifier>
    </Filter>
  </ItemGroup>
</Project>
